
Microsoft Visual Studio Solution File, Format Version 12.00
Project("{FAE04EC0-301F-11D3-BF4B-00C04F79EFBC}") = "Cyber-Electro", "Cyber-Electro.csproj", "{06F4D8DE-6C5F-43A6-A596-F6E2DD3C0135}"
EndProject
Global
	GlobalSection(SolutionConfigurationPlatforms) = preSolution
		Debug|Any CPU = Debug|Any CPU
		Release|Any CPU = Release|Any CPU
	EndGlobalSection
	GlobalSection(ProjectConfigurationPlatforms) = postSolution
		{06F4D8DE-6C5F-43A6-A596-F6E2DD3C0135}.Debug|Any CPU.ActiveCfg = Debug|Any CPU
		{06F4D8DE-6C5F-43A6-A596-F6E2DD3C0135}.Debug|Any CPU.Build.0 = Debug|Any CPU
		{06F4D8DE-6C5F-43A6-A596-F6E2DD3C0135}.Release|Any CPU.ActiveCfg = Release|Any CPU
		{06F4D8DE-6C5F-43A6-A596-F6E2DD3C0135}.Release|Any CPU.Build.0 = Release|Any CPU
	EndGlobalSection
EndGlobal
